
Microsoft Visual Studio Solution File, Format Version 12.00
# Visual Studio Version 16
VisualStudioVersion = 16.0.29911.84
MinimumVisualStudioVersion = 10.0.40219.1
Project("{FAE04EC0-301F-11D3-BF4B-00C04F79EFBC}") = "DotnetCore.Demo", "DotnetCore.Demo.csproj", "{BEAFD019-73F3-4D17-854B-FBC3849A8548}"
EndProject
Global
	GlobalSection(SolutionConfigurationPlatforms) = preSolution
		Debug|Any CPU = Debug|Any CPU
		Release|Any CPU = Release|Any CPU
	EndGlobalSection
	GlobalSection(ProjectConfigurationPlatforms) = postSolution
		{BEAFD019-73F3-4D17-854B-FBC3849A8548}.Debug|Any CPU.ActiveCfg = Debug|Any CPU
		{BEAFD019-73F3-4D17-854B-FBC3849A8548}.Debug|Any CPU.Build.0 = Debug|Any CPU
		{BEAFD019-73F3-4D17-854B-FBC3849A8548}.Release|Any CPU.ActiveCfg = Release|Any CPU
		{BEAFD019-73F3-4D17-854B-FBC3849A8548}.Release|Any CPU.Build.0 = Release|Any CPU
	EndGlobalSection
	GlobalSection(SolutionProperties) = preSolution
		HideSolutionNode = FALSE
	EndGlobalSection
	GlobalSection(ExtensibilityGlobals) = postSolution
		SolutionGuid = {BA895C87-447E-4237-AE11-D254247CA02E}
	EndGlobalSection
EndGlobal
